<Solution>
  <Configurations>
    <Platform Name="x64" />
    <Platform Name="x86" />
  </Configurations>
  <Project Path="6-01.クラスの基本/6-01.クラスの基本.vcxproj" Id="c704d942-b273-4ca0-8b2a-17b91253a56a" />
  <Project Path="6-03.オブジェクトを作ろう/6-03.オブジェクトを作ろう.vcxproj" Id="4c0683b8-1b1c-4ff3-a129-ca86c4b01a0c" />
  <Project Path="6-04.オブジェクトを作ろう２（引数つきコンストラクタ）/6-04.オブジェクトを作ろう２（引数つきコンストラクタ）.vcxproj" Id="d3571b16-4195-4af0-8502-83e5794e9274" />
  <Project Path="6-05.隠せ！（privateアクセス指定子）/6-05.隠せ！（privateアクセス指定子）.vcxproj" Id="a8fe0c09-7c8a-4894-b573-5e5fd84a9128" />
  <Project Path="6-08.オブジェクトを複製しよう１（コピーコンストラクタ）/6-08.オブジェクトを複製しよう１（コピーコンストラクタ）.vcxproj" Id="17452a19-bdb1-415a-86e4-be18b59d47e4" />
  <Project Path="オブジェクトを複製しよう２（演算子オーバーロード）/オブジェクトを複製しよう２（演算子オーバーロード）.vcxproj" Id="4fefd5fc-8e66-47af-9e26-17fbc8f06f7b" />
  <Project Path="クラスの練習/クラスの練習.vcxproj" Id="9a26633a-1639-4e9d-9ba9-5e9f719fdc83" />
  <Project Path="クラスの練習２/クラスの練習２.vcxproj" Id="49a98db3-6f15-4e78-a74d-40c650585ae7" />
  <Project Path="関数ポインタの確認/関数ポインタの確認.vcxproj" Id="88dad6f3-99e1-4b93-9468-2a8c73c6bb78" />
</Solution>
