<Solution>
  <Configurations>
    <Platform Name="x64" />
    <Platform Name="x86" />
  </Configurations>
  <Project Path="6-01.クラスの基本/6-01.クラスの基本.vcxproj" Id="c704d942-b273-4ca0-8b2a-17b91253a56a" />
  <Project Path="6-03.オブジェクトを作ろう/6-03.オブジェクトを作ろう.vcxproj" Id="4c0683b8-1b1c-4ff3-a129-ca86c4b01a0c" />
  <Project Path="6-04.オブジェクトを作ろう２（引数つきコンストラクタ）/6-04.オブジェクトを作ろう２（引数つきコンストラクタ）.vcxproj" Id="d3571b16-4195-4af0-8502-83e5794e9274" />
  <Project Path="6-05.隠せ！（privateアクセス指定子）/6-05.隠せ！（privateアクセス指定子）.vcxproj" Id="a8fe0c09-7c8a-4894-b573-5e5fd84a9128" />
</Solution>
